// !$*UTF8*$!
{
	archiveVersion = 1;
	classes = {
	};
	objectVersion = 48;
	objects = {

/* Begin PBXBuildFile section */
		B40000000000000000000001 /* Mac HUDUITests.swift in Sources */ = {isa = PBXBuildFile; fileRef = B40000000000000000000003 /* Mac HUDUITests.swift */; };
		B40000000000000000000002 /* iOS HUDUITests.swift in Sources */ = {isa = PBXBuildFile; fileRef = B40000000000000000000004 /* iOS HUDUITests.swift */; };
		A30000000000000000000001 /* SimulationState.swift in iOS Sources */ = {isa = PBXBuildFile; fileRef = A30000000000000000000004 /* SimulationState.swift */; };
		A30000000000000000000002 /* SimulationState.swift in Mac Sources */ = {isa = PBXBuildFile; fileRef = A30000000000000000000004 /* SimulationState.swift */; };
		A30000000000000000000003 /* SimulationState.swift in Test Sources */ = {isa = PBXBuildFile; fileRef = A30000000000000000000004 /* SimulationState.swift */; };
		A30000000000000000000005 /* SimulationStateTests.swift in Sources */ = {isa = PBXBuildFile; fileRef = A30000000000000000000006 /* SimulationStateTests.swift */; };
		A30000000000000000000010 /* RendererContactTests.swift in Sources */ = {isa = PBXBuildFile; fileRef = A30000000000000000000011 /* RendererContactTests.swift */; };
		A30000000000000000000012 /* Renderer.swift in Test Sources */ = {isa = PBXBuildFile; fileRef = 756896A41FEB08A800727447 /* Renderer.swift */; };
		A30000000000000000000013 /* MetalDevice.swift in Test Sources */ = {isa = PBXBuildFile; fileRef = 753C09581F43988D00D67F17 /* MetalDevice.swift */; };
		A30000000000000000000014 /* RenderShader.swift in Test Sources */ = {isa = PBXBuildFile; fileRef = 7594D4371F434ECE00E4AE27 /* RenderShader.swift */; };
		A30000000000000000000015 /* Slab.swift in Test Sources */ = {isa = PBXBuildFile; fileRef = 7594D4391F4361F300E4AE27 /* Slab.swift */; };
		753C095A1F43995300D67F17 /* ComputeShader.swift in Sources */ = {isa = PBXBuildFile; fileRef = 753C09591F4398C500D67F17 /* ComputeShader.swift */; };
		753C095B1F43995300D67F17 /* MetalDevice.swift in Sources */ = {isa = PBXBuildFile; fileRef = 753C09581F43988D00D67F17 /* MetalDevice.swift */; };
		756896A51FEB08A800727447 /* Renderer.swift in Sources */ = {isa = PBXBuildFile; fileRef = 756896A41FEB08A800727447 /* Renderer.swift */; };
		756896A61FEB08A800727447 /* Renderer.swift in Sources */ = {isa = PBXBuildFile; fileRef = 756896A41FEB08A800727447 /* Renderer.swift */; };
		7594D4381F434ECE00E4AE27 /* RenderShader.swift in Sources */ = {isa = PBXBuildFile; fileRef = 7594D4371F434ECE00E4AE27 /* RenderShader.swift */; };
		7594D43A1F4361F300E4AE27 /* Slab.swift in Sources */ = {isa = PBXBuildFile; fileRef = 7594D4391F4361F300E4AE27 /* Slab.swift */; };
		75A202DD1F4818C30089F3A7 /* RenderViewController.swift in Sources */ = {isa = PBXBuildFile; fileRef = 75A202DC1F4818C30089F3A7 /* RenderViewController.swift */; };
		75D520951FE5539E003525F9 /* AppDelegate.swift in Sources */ = {isa = PBXBuildFile; fileRef = 75D520941FE5539E003525F9 /* AppDelegate.swift */; };
		75D5209E1FE5539E003525F9 /* Assets.xcassets in Resources */ = {isa = PBXBuildFile; fileRef = 75D5209D1FE5539E003525F9 /* Assets.xcassets */; };
		75D520A11FE5539E003525F9 /* Main.storyboard in Resources */ = {isa = PBXBuildFile; fileRef = 75D5209F1FE5539E003525F9 /* Main.storyboard */; };
		75D520A81FE553EA003525F9 /* ComputeShader.swift in Sources */ = {isa = PBXBuildFile; fileRef = 753C09591F4398C500D67F17 /* ComputeShader.swift */; };
		75D520A91FE553EA003525F9 /* RenderShader.swift in Sources */ = {isa = PBXBuildFile; fileRef = 7594D4371F434ECE00E4AE27 /* RenderShader.swift */; };
		75D520AA1FE553EA003525F9 /* MetalDevice.swift in Sources */ = {isa = PBXBuildFile; fileRef = 753C09581F43988D00D67F17 /* MetalDevice.swift */; };
		75D520AC1FE553EA003525F9 /* Slab.swift in Sources */ = {isa = PBXBuildFile; fileRef = 7594D4391F4361F300E4AE27 /* Slab.swift */; };
		75D520AD1FE553EA003525F9 /* Shaders.metal in Sources */ = {isa = PBXBuildFile; fileRef = 75F3F0811F31AE8D00A3EC4A /* Shaders.metal */; };
		75D520AF1FE55733003525F9 /* RenderViewController.swift in Sources */ = {isa = PBXBuildFile; fileRef = 75D520AE1FE55733003525F9 /* RenderViewController.swift */; };
		75F3F06C1F311D4A00A3EC4A /* AppDelegate.swift in Sources */ = {isa = PBXBuildFile; fileRef = 75F3F06B1F311D4A00A3EC4A /* AppDelegate.swift */; };
		75F3F0711F311D4A00A3EC4A /* Main.storyboard in Resources */ = {isa = PBXBuildFile; fileRef = 75F3F06F1F311D4A00A3EC4A /* Main.storyboard */; };
		75F3F0731F311D4A00A3EC4A /* Assets.xcassets in Resources */ = {isa = PBXBuildFile; fileRef = 75F3F0721F311D4A00A3EC4A /* Assets.xcassets */; };
		75F3F0761F311D4A00A3EC4A /* LaunchScreen.storyboard in Resources */ = {isa = PBXBuildFile; fileRef = 75F3F0741F311D4A00A3EC4A /* LaunchScreen.storyboard */; };
		75F3F0821F31AE8D00A3EC4A /* Shaders.metal in Sources */ = {isa = PBXBuildFile; fileRef = 75F3F0811F31AE8D00A3EC4A /* Shaders.metal */; };
/* End PBXBuildFile section */

/* Begin PBXFileReference section */
		B40000000000000000000003 /* Mac HUDUITests.swift */ = {isa = PBXFileReference; lastKnownFileType = sourcecode.swift; path = HUDUITests.swift; sourceTree = "<group>"; };
		B40000000000000000000004 /* iOS HUDUITests.swift */ = {isa = PBXFileReference; lastKnownFileType = sourcecode.swift; path = HUDUITests.swift; sourceTree = "<group>"; };
		B40000000000000000000005 /* FluidDynamicsMetalOSXUITests.xctest */ = {isa = PBXFileReference; explicitFileType = wrapper.cfbundle; includeInIndex = 0; path = FluidDynamicsMetalOSXUITests.xctest; sourceTree = BUILT_PRODUCTS_DIR; };
		B40000000000000000000006 /* FluidDynamicsMetaliOSUITests.xctest */ = {isa = PBXFileReference; explicitFileType = wrapper.cfbundle; includeInIndex = 0; path = FluidDynamicsMetaliOSUITests.xctest; sourceTree = BUILT_PRODUCTS_DIR; };
		A30000000000000000000004 /* SimulationState.swift */ = {isa = PBXFileReference; lastKnownFileType = sourcecode.swift; path = SimulationState.swift; sourceTree = "<group>"; };
		A30000000000000000000006 /* SimulationStateTests.swift */ = {isa = PBXFileReference; lastKnownFileType = sourcecode.swift; path = SimulationStateTests.swift; sourceTree = "<group>"; };
		A30000000000000000000011 /* RendererContactTests.swift */ = {isa = PBXFileReference; lastKnownFileType = sourcecode.swift; path = RendererContactTests.swift; sourceTree = "<group>"; };
		A30000000000000000000007 /* FluidDynamicsMetalStateTests.xctest */ = {isa = PBXFileReference; explicitFileType = wrapper.cfbundle; includeInIndex = 0; path = FluidDynamicsMetalStateTests.xctest; sourceTree = BUILT_PRODUCTS_DIR; };
		753C09581F43988D00D67F17 /* MetalDevice.swift */ = {isa = PBXFileReference; lastKnownFileType = sourcecode.swift; path = MetalDevice.swift; sourceTree = "<group>"; };
		753C09591F4398C500D67F17 /* ComputeShader.swift */ = {isa = PBXFileReference; lastKnownFileType = sourcecode.swift; path = ComputeShader.swift; sourceTree = "<group>"; };
		756896A41FEB08A800727447 /* Renderer.swift */ = {isa = PBXFileReference; lastKnownFileType = sourcecode.swift; path = Renderer.swift; sourceTree = "<group>"; };
		7594D4371F434ECE00E4AE27 /* RenderShader.swift */ = {isa = PBXFileReference; lastKnownFileType = sourcecode.swift; path = RenderShader.swift; sourceTree = "<group>"; };
		7594D4391F4361F300E4AE27 /* Slab.swift */ = {isa = PBXFileReference; lastKnownFileType = sourcecode.swift; path = Slab.swift; sourceTree = "<group>"; };
		75A202DC1F4818C30089F3A7 /* RenderViewController.swift */ = {isa = PBXFileReference; lastKnownFileType = sourcecode.swift; path = RenderViewController.swift; sourceTree = "<group>"; };
		75D520921FE5539E003525F9 /* FluidDynamicsMetalOSX.app */ = {isa = PBXFileReference; explicitFileType = wrapper.application; includeInIndex = 0; path = FluidDynamicsMetalOSX.app; sourceTree = BUILT_PRODUCTS_DIR; };
		75D520941FE5539E003525F9 /* AppDelegate.swift */ = {isa = PBXFileReference; lastKnownFileType = sourcecode.swift; path = AppDelegate.swift; sourceTree = "<group>"; };
		75D5209D1FE5539E003525F9 /* Assets.xcassets */ = {isa = PBXFileReference; lastKnownFileType = folder.assetcatalog; path = Assets.xcassets; sourceTree = "<group>"; };
		75D520A01FE5539E003525F9 /* Base */ = {isa = PBXFileReference; lastKnownFileType = file.storyboard; name = Base; path = Base.lproj/Main.storyboard; sourceTree = "<group>"; };
		75D520A21FE5539E003525F9 /* Info.plist */ = {isa = PBXFileReference; lastKnownFileType = text.plist.xml; path = Info.plist; sourceTree = "<group>"; };
		75D520A31FE5539E003525F9 /* FluidDynamicsMetalOSX.entitlements */ = {isa = PBXFileReference; lastKnownFileType = text.plist.entitlements; path = FluidDynamicsMetalOSX.entitlements; sourceTree = "<group>"; };
		75D520AE1FE55733003525F9 /* RenderViewController.swift */ = {isa = PBXFileReference; lastKnownFileType = sourcecode.swift; path = RenderViewController.swift; sourceTree = "<group>"; };
		75F3F0681F311D4A00A3EC4A /* FluidDynamicsMetaliOS.app */ = {isa = PBXFileReference; explicitFileType = wrapper.application; includeInIndex = 0; path = FluidDynamicsMetaliOS.app; sourceTree = BUILT_PRODUCTS_DIR; };
		75F3F06B1F311D4A00A3EC4A /* AppDelegate.swift */ = {isa = PBXFileReference; lastKnownFileType = sourcecode.swift; path = AppDelegate.swift; sourceTree = "<group>"; };
		75F3F0701F311D4A00A3EC4A /* Base */ = {isa = PBXFileReference; lastKnownFileType = file.storyboard; name = Base; path = Base.lproj/Main.storyboard; sourceTree = "<group>"; };
		75F3F0721F311D4A00A3EC4A /* Assets.xcassets */ = {isa = PBXFileReference; lastKnownFileType = folder.assetcatalog; path = Assets.xcassets; sourceTree = "<group>"; };
		75F3F0751F311D4A00A3EC4A /* Base */ = {isa = PBXFileReference; lastKnownFileType = file.storyboard; name = Base; path = Base.lproj/LaunchScreen.storyboard; sourceTree = "<group>"; };
		75F3F0771F311D4A00A3EC4A /* Info.plist */ = {isa = PBXFileReference; lastKnownFileType = text.plist.xml; path = Info.plist; sourceTree = "<group>"; };
		75F3F07E1F311D7800A3EC4A /* MetalKit.framework */ = {isa = PBXFileReference; lastKnownFileType = wrapper.framework; name = MetalKit.framework; path = System/Library/Frameworks/MetalKit.framework; sourceTree = SDKROOT; };
		75F3F0811F31AE8D00A3EC4A /* Shaders.metal */ = {isa = PBXFileReference; lastKnownFileType = sourcecode.metal; path = Shaders.metal; sourceTree = "<group>"; };
/* End PBXFileReference section */

/* Begin PBXFrameworksBuildPhase section */
		B40000000000000000000007 /* Mac UI Test Frameworks */ = {isa = PBXFrameworksBuildPhase; buildActionMask = 2147483647; files = (); runOnlyForDeploymentPostprocessing = 0; };
		B40000000000000000000008 /* iOS UI Test Frameworks */ = {isa = PBXFrameworksBuildPhase; buildActionMask = 2147483647; files = (); runOnlyForDeploymentPostprocessing = 0; };
		A30000000000000000000008 /* Frameworks */ = {isa = PBXFrameworksBuildPhase; buildActionMask = 2147483647; files = (); runOnlyForDeploymentPostprocessing = 0; };
		75D5208F1FE5539E003525F9 /* Frameworks */ = {
			isa = PBXFrameworksBuildPhase;
			buildActionMask = 2147483647;
			files = (
			);
			runOnlyForDeploymentPostprocessing = 0;
		};
		75F3F0651F311D4A00A3EC4A /* Frameworks */ = {
			isa = PBXFrameworksBuildPhase;
			buildActionMask = 2147483647;
			files = (
			);
			runOnlyForDeploymentPostprocessing = 0;
		};
/* End PBXFrameworksBuildPhase section */

/* Begin PBXGroup section */
		B40000000000000000000009 /* FluidDynamicsMetalOSXUITests */ = {isa = PBXGroup; children = (B40000000000000000000003 /* Mac HUDUITests.swift */,); path = FluidDynamicsMetalOSXUITests; sourceTree = "<group>"; };
		B4000000000000000000000A /* FluidDynamicsMetaliOSUITests */ = {isa = PBXGroup; children = (B40000000000000000000004 /* iOS HUDUITests.swift */,); path = FluidDynamicsMetaliOSUITests; sourceTree = "<group>"; };
		A30000000000000000000009 /* FluidDynamicsMetalStateTests */ = {isa = PBXGroup; children = (A30000000000000000000006 /* SimulationStateTests.swift */, A30000000000000000000011 /* RendererContactTests.swift */,); path = FluidDynamicsMetalStateTests; sourceTree = "<group>"; };
		75D520931FE5539E003525F9 /* FluidDynamicsMetalOSX */ = {
			isa = PBXGroup;
			children = (
				75D520941FE5539E003525F9 /* AppDelegate.swift */,
				75D520AE1FE55733003525F9 /* RenderViewController.swift */,
				75D5209D1FE5539E003525F9 /* Assets.xcassets */,
				75D5209F1FE5539E003525F9 /* Main.storyboard */,
				75D520A21FE5539E003525F9 /* Info.plist */,
				75D520A31FE5539E003525F9 /* FluidDynamicsMetalOSX.entitlements */,
			);
			path = FluidDynamicsMetalOSX;
			sourceTree = "<group>";
		};
		75D520A71FE553B4003525F9 /* Shared */ = {
			isa = PBXGroup;
			children = (
				753C09591F4398C500D67F17 /* ComputeShader.swift */,
				7594D4371F434ECE00E4AE27 /* RenderShader.swift */,
				753C09581F43988D00D67F17 /* MetalDevice.swift */,
				7594D4391F4361F300E4AE27 /* Slab.swift */,
				756896A41FEB08A800727447 /* Renderer.swift */,
				A30000000000000000000004 /* SimulationState.swift */,
				75F3F0811F31AE8D00A3EC4A /* Shaders.metal */,
			);
			path = Shared;
			sourceTree = "<group>";
		};
		75F3F05F1F311D4A00A3EC4A = {
			isa = PBXGroup;
			children = (
				75D520A71FE553B4003525F9 /* Shared */,
				75F3F06A1F311D4A00A3EC4A /* FluidDynamicsMetaliOS */,
				75D520931FE5539E003525F9 /* FluidDynamicsMetalOSX */,
				A30000000000000000000009 /* FluidDynamicsMetalStateTests */,
				B40000000000000000000009 /* FluidDynamicsMetalOSXUITests */,
				B4000000000000000000000A /* FluidDynamicsMetaliOSUITests */,
				75F3F0691F311D4A00A3EC4A /* Products */,
				75F3F07D1F311D7800A3EC4A /* Frameworks */,
			);
			sourceTree = "<group>";
		};
		75F3F0691F311D4A00A3EC4A /* Products */ = {
			isa = PBXGroup;
			children = (
				75F3F0681F311D4A00A3EC4A /* FluidDynamicsMetaliOS.app */,
				75D520921FE5539E003525F9 /* FluidDynamicsMetalOSX.app */,
				A30000000000000000000007 /* FluidDynamicsMetalStateTests.xctest */,
				B40000000000000000000005 /* FluidDynamicsMetalOSXUITests.xctest */,
				B40000000000000000000006 /* FluidDynamicsMetaliOSUITests.xctest */,
			);
			name = Products;
			sourceTree = "<group>";
		};
		75F3F06A1F311D4A00A3EC4A /* FluidDynamicsMetaliOS */ = {
			isa = PBXGroup;
			children = (
				75F3F06B1F311D4A00A3EC4A /* AppDelegate.swift */,
				75A202DC1F4818C30089F3A7 /* RenderViewController.swift */,
				75F3F0721F311D4A00A3EC4A /* Assets.xcassets */,
				75F3F06F1F311D4A00A3EC4A /* Main.storyboard */,
				75F3F0741F311D4A00A3EC4A /* LaunchScreen.storyboard */,
				75F3F0771F311D4A00A3EC4A /* Info.plist */,
			);
			path = FluidDynamicsMetaliOS;
			sourceTree = "<group>";
		};
		75F3F07D1F311D7800A3EC4A /* Frameworks */ = {
			isa = PBXGroup;
			children = (
				75F3F07E1F311D7800A3EC4A /* MetalKit.framework */,
			);
			name = Frameworks;
			sourceTree = "<group>";
		};
/* End PBXGroup section */

/* Begin PBXNativeTarget section */
		B4000000000000000000000B /* FluidDynamicsMetalOSXUITests */ = {
			isa = PBXNativeTarget;
			buildConfigurationList = B40000000000000000000011 /* Build configuration list for PBXNativeTarget "FluidDynamicsMetalOSXUITests" */;
			buildPhases = (B4000000000000000000000D /* Mac UI Test Sources */, B40000000000000000000007 /* Mac UI Test Frameworks */);
			buildRules = ();
			dependencies = (B40000000000000000000015 /* FluidDynamicsMetalOSX */);
			name = FluidDynamicsMetalOSXUITests;
			productName = FluidDynamicsMetalOSXUITests;
			productReference = B40000000000000000000005 /* FluidDynamicsMetalOSXUITests.xctest */;
			productType = "com.apple.product-type.bundle.ui-testing";
		};
		B4000000000000000000000C /* FluidDynamicsMetaliOSUITests */ = {
			isa = PBXNativeTarget;
			buildConfigurationList = B40000000000000000000012 /* Build configuration list for PBXNativeTarget "FluidDynamicsMetaliOSUITests" */;
			buildPhases = (B4000000000000000000000E /* iOS UI Test Sources */, B40000000000000000000008 /* iOS UI Test Frameworks */);
			buildRules = ();
			dependencies = (B40000000000000000000016 /* FluidDynamicsMetaliOS */);
			name = FluidDynamicsMetaliOSUITests;
			productName = FluidDynamicsMetaliOSUITests;
			productReference = B40000000000000000000006 /* FluidDynamicsMetaliOSUITests.xctest */;
			productType = "com.apple.product-type.bundle.ui-testing";
		};
		A3000000000000000000000A /* FluidDynamicsMetalStateTests */ = {
			isa = PBXNativeTarget;
			buildConfigurationList = A3000000000000000000000C /* Build configuration list for PBXNativeTarget "FluidDynamicsMetalStateTests" */;
			buildPhases = (A3000000000000000000000B /* Sources */, A30000000000000000000008 /* Frameworks */);
			buildRules = ();
			dependencies = ();
			name = FluidDynamicsMetalStateTests;
			productName = FluidDynamicsMetalStateTests;
			productReference = A30000000000000000000007 /* FluidDynamicsMetalStateTests.xctest */;
			productType = "com.apple.product-type.bundle.unit-test";
		};
		75D520911FE5539E003525F9 /* FluidDynamicsMetalOSX */ = {
			isa = PBXNativeTarget;
			buildConfigurationList = 75D520A41FE5539E003525F9 /* Build configuration list for PBXNativeTarget "FluidDynamicsMetalOSX" */;
			buildPhases = (
				75D5208E1FE5539E003525F9 /* Sources */,
				75D5208F1FE5539E003525F9 /* Frameworks */,
				75D520901FE5539E003525F9 /* Resources */,
			);
			buildRules = (
			);
			dependencies = (
			);
			name = FluidDynamicsMetalOSX;
			productName = FluidDynamicsMetalOSX;
			productReference = 75D520921FE5539E003525F9 /* FluidDynamicsMetalOSX.app */;
			productType = "com.apple.product-type.application";
		};
		75F3F0671F311D4A00A3EC4A /* FluidDynamicsMetaliOS */ = {
			isa = PBXNativeTarget;
			buildConfigurationList = 75F3F07A1F311D4B00A3EC4A /* Build configuration list for PBXNativeTarget "FluidDynamicsMetaliOS" */;
			buildPhases = (
				75F3F0641F311D4A00A3EC4A /* Sources */,
				75F3F0651F311D4A00A3EC4A /* Frameworks */,
				75F3F0661F311D4A00A3EC4A /* Resources */,
			);
			buildRules = (
			);
			dependencies = (
			);
			name = FluidDynamicsMetaliOS;
			productName = FluidDynamicsMetal;
			productReference = 75F3F0681F311D4A00A3EC4A /* FluidDynamicsMetaliOS.app */;
			productType = "com.apple.product-type.application";
		};
/* End PBXNativeTarget section */

/* Begin PBXProject section */
		75F3F0601F311D4A00A3EC4A /* Project object */ = {
			isa = PBXProject;
			attributes = {
				LastSwiftUpdateCheck = 0920;
				LastUpgradeCheck = 0920;
				ORGANIZATIONNAME = "Andrei-Sergiu Pițiș";
				TargetAttributes = {
					B4000000000000000000000B = {CreatedOnToolsVersion = 27.0; ProvisioningStyle = Automatic; TestTargetID = 75D520911FE5539E003525F9; };
					B4000000000000000000000C = {CreatedOnToolsVersion = 27.0; ProvisioningStyle = Automatic; TestTargetID = 75F3F0671F311D4A00A3EC4A; };
					A3000000000000000000000A = {CreatedOnToolsVersion = 27.0; ProvisioningStyle = Automatic; };
					75D520911FE5539E003525F9 = {
						CreatedOnToolsVersion = 9.2;
						ProvisioningStyle = Automatic;
					};
					75F3F0671F311D4A00A3EC4A = {
						CreatedOnToolsVersion = 9.0;
						LastSwiftMigration = 0900;
					};
				};
			};
			buildConfigurationList = 75F3F0631F311D4A00A3EC4A /* Build configuration list for PBXProject "FluidDynamicsMetal" */;
			compatibilityVersion = "Xcode 8.0";
			developmentRegion = en;
			hasScannedForEncodings = 0;
			knownRegions = (
				en,
				Base,
			);
			mainGroup = 75F3F05F1F311D4A00A3EC4A;
			productRefGroup = 75F3F0691F311D4A00A3EC4A /* Products */;
			projectDirPath = "";
			projectRoot = "";
			targets = (
				A3000000000000000000000A /* FluidDynamicsMetalStateTests */,
				B4000000000000000000000B /* FluidDynamicsMetalOSXUITests */,
				B4000000000000000000000C /* FluidDynamicsMetaliOSUITests */,
				75F3F0671F311D4A00A3EC4A /* FluidDynamicsMetaliOS */,
				75D520911FE5539E003525F9 /* FluidDynamicsMetalOSX */,
			);
		};
/* End PBXProject section */

/* Begin PBXResourcesBuildPhase section */
		75D520901FE5539E003525F9 /* Resources */ = {
			isa = PBXResourcesBuildPhase;
			buildActionMask = 2147483647;
			files = (
				75D5209E1FE5539E003525F9 /* Assets.xcassets in Resources */,
				75D520A11FE5539E003525F9 /* Main.storyboard in Resources */,
			);
			runOnlyForDeploymentPostprocessing = 0;
		};
		75F3F0661F311D4A00A3EC4A /* Resources */ = {
			isa = PBXResourcesBuildPhase;
			buildActionMask = 2147483647;
			files = (
				75F3F0761F311D4A00A3EC4A /* LaunchScreen.storyboard in Resources */,
				75F3F0731F311D4A00A3EC4A /* Assets.xcassets in Resources */,
				75F3F0711F311D4A00A3EC4A /* Main.storyboard in Resources */,
			);
			runOnlyForDeploymentPostprocessing = 0;
		};
/* End PBXResourcesBuildPhase section */

/* Begin PBXSourcesBuildPhase section */
		B4000000000000000000000D /* Mac UI Test Sources */ = {isa = PBXSourcesBuildPhase; buildActionMask = 2147483647; files = (B40000000000000000000001 /* Mac HUDUITests.swift in Sources */,); runOnlyForDeploymentPostprocessing = 0; };
		B4000000000000000000000E /* iOS UI Test Sources */ = {isa = PBXSourcesBuildPhase; buildActionMask = 2147483647; files = (B40000000000000000000002 /* iOS HUDUITests.swift in Sources */,); runOnlyForDeploymentPostprocessing = 0; };
		A3000000000000000000000B /* Sources */ = {isa = PBXSourcesBuildPhase; buildActionMask = 2147483647; files = (A30000000000000000000003 /* SimulationState.swift in Test Sources */, A30000000000000000000012 /* Renderer.swift in Test Sources */, A30000000000000000000013 /* MetalDevice.swift in Test Sources */, A30000000000000000000014 /* RenderShader.swift in Test Sources */, A30000000000000000000015 /* Slab.swift in Test Sources */, A30000000000000000000005 /* SimulationStateTests.swift in Sources */, A30000000000000000000010 /* RendererContactTests.swift in Sources */,); runOnlyForDeploymentPostprocessing = 0; };
		75D5208E1FE5539E003525F9 /* Sources */ = {
			isa = PBXSourcesBuildPhase;
			buildActionMask = 2147483647;
			files = (
				756896A61FEB08A800727447 /* Renderer.swift in Sources */,
				A30000000000000000000002 /* SimulationState.swift in Mac Sources */,
				75D520AA1FE553EA003525F9 /* MetalDevice.swift in Sources */,
				75D520AD1FE553EA003525F9 /* Shaders.metal in Sources */,
				75D520A91FE553EA003525F9 /* RenderShader.swift in Sources */,
				75D520A81FE553EA003525F9 /* ComputeShader.swift in Sources */,
				75D520AF1FE55733003525F9 /* RenderViewController.swift in Sources */,
				75D520951FE5539E003525F9 /* AppDelegate.swift in Sources */,
				75D520AC1FE553EA003525F9 /* Slab.swift in Sources */,
			);
			runOnlyForDeploymentPostprocessing = 0;
		};
		75F3F0641F311D4A00A3EC4A /* Sources */ = {
			isa = PBXSourcesBuildPhase;
			buildActionMask = 2147483647;
			files = (
				756896A51FEB08A800727447 /* Renderer.swift in Sources */,
				A30000000000000000000001 /* SimulationState.swift in iOS Sources */,
				753C095A1F43995300D67F17 /* ComputeShader.swift in Sources */,
				753C095B1F43995300D67F17 /* MetalDevice.swift in Sources */,
				75F3F0821F31AE8D00A3EC4A /* Shaders.metal in Sources */,
				7594D4381F434ECE00E4AE27 /* RenderShader.swift in Sources */,
				75A202DD1F4818C30089F3A7 /* RenderViewController.swift in Sources */,
				7594D43A1F4361F300E4AE27 /* Slab.swift in Sources */,
				75F3F06C1F311D4A00A3EC4A /* AppDelegate.swift in Sources */,
			);
			runOnlyForDeploymentPostprocessing = 0;
		};
/* End PBXSourcesBuildPhase section */

/* Begin PBXVariantGroup section */
		75D5209F1FE5539E003525F9 /* Main.storyboard */ = {
			isa = PBXVariantGroup;
			children = (
				75D520A01FE5539E003525F9 /* Base */,
			);
			name = Main.storyboard;
			sourceTree = "<group>";
		};
		75F3F06F1F311D4A00A3EC4A /* Main.storyboard */ = {
			isa = PBXVariantGroup;
			children = (
				75F3F0701F311D4A00A3EC4A /* Base */,
			);
			name = Main.storyboard;
			sourceTree = "<group>";
		};
		75F3F0741F311D4A00A3EC4A /* LaunchScreen.storyboard */ = {
			isa = PBXVariantGroup;
			children = (
				75F3F0751F311D4A00A3EC4A /* Base */,
			);
			name = LaunchScreen.storyboard;
			sourceTree = "<group>";
		};
/* End PBXVariantGroup section */

/* Begin XCBuildConfiguration section */
		B4000000000000000000000F /* Debug */ = {isa = XCBuildConfiguration; buildSettings = {CODE_SIGNING_ALLOWED = NO; GENERATE_INFOPLIST_FILE = YES; MACOSX_DEPLOYMENT_TARGET = 26.0; PRODUCT_BUNDLE_IDENTIFIER = com.andreisergiupitis.FluidDynamicsMetalOSXUITests; PRODUCT_NAME = "$(TARGET_NAME)"; SDKROOT = macosx; SWIFT_VERSION = 5.0; TEST_TARGET_NAME = FluidDynamicsMetalOSX; }; name = Debug; };
		B40000000000000000000010 /* Release */ = {isa = XCBuildConfiguration; buildSettings = {CODE_SIGNING_ALLOWED = NO; GENERATE_INFOPLIST_FILE = YES; MACOSX_DEPLOYMENT_TARGET = 26.0; PRODUCT_BUNDLE_IDENTIFIER = com.andreisergiupitis.FluidDynamicsMetalOSXUITests; PRODUCT_NAME = "$(TARGET_NAME)"; SDKROOT = macosx; SWIFT_VERSION = 5.0; TEST_TARGET_NAME = FluidDynamicsMetalOSX; }; name = Release; };
		B40000000000000000000013 /* Debug */ = {isa = XCBuildConfiguration; buildSettings = {CODE_SIGNING_ALLOWED = NO; GENERATE_INFOPLIST_FILE = YES; IPHONEOS_DEPLOYMENT_TARGET = 26.0; PRODUCT_BUNDLE_IDENTIFIER = ro.andreisergiupitis.FluidDynamicsMetaliOSUITests; PRODUCT_NAME = "$(TARGET_NAME)"; SDKROOT = iphoneos; SWIFT_VERSION = 5.0; TARGETED_DEVICE_FAMILY = "1,2"; TEST_TARGET_NAME = FluidDynamicsMetaliOS; }; name = Debug; };
		B40000000000000000000014 /* Release */ = {isa = XCBuildConfiguration; buildSettings = {CODE_SIGNING_ALLOWED = NO; GENERATE_INFOPLIST_FILE = YES; IPHONEOS_DEPLOYMENT_TARGET = 26.0; PRODUCT_BUNDLE_IDENTIFIER = ro.andreisergiupitis.FluidDynamicsMetaliOSUITests; PRODUCT_NAME = "$(TARGET_NAME)"; SDKROOT = iphoneos; SWIFT_VERSION = 5.0; TARGETED_DEVICE_FAMILY = "1,2"; TEST_TARGET_NAME = FluidDynamicsMetaliOS; }; name = Release; };
		A3000000000000000000000D /* Debug */ = {isa = XCBuildConfiguration; buildSettings = {CODE_SIGNING_ALLOWED = NO; GENERATE_INFOPLIST_FILE = YES; MACOSX_DEPLOYMENT_TARGET = 26.0; PRODUCT_BUNDLE_IDENTIFIER = com.andreisergiupitis.FluidDynamicsMetalStateTests; PRODUCT_NAME = "$(TARGET_NAME)"; SDKROOT = macosx; SWIFT_VERSION = 5.0; }; name = Debug; };
		A3000000000000000000000E /* Release */ = {isa = XCBuildConfiguration; buildSettings = {CODE_SIGNING_ALLOWED = NO; GENERATE_INFOPLIST_FILE = YES; MACOSX_DEPLOYMENT_TARGET = 26.0; PRODUCT_BUNDLE_IDENTIFIER = com.andreisergiupitis.FluidDynamicsMetalStateTests; PRODUCT_NAME = "$(TARGET_NAME)"; SDKROOT = macosx; SWIFT_VERSION = 5.0; }; name = Release; };
		75D520A51FE5539E003525F9 /* Debug */ = {
			isa = XCBuildConfiguration;
			buildSettings = {
				ASSETCATALOG_COMPILER_APPICON_NAME = AppIcon;
				CLANG_WARN_NON_LITERAL_NULL_CONVERSION = YES;
				CLANG_WARN_OBJC_LITERAL_CONVERSION = YES;
				CODE_SIGN_ENTITLEMENTS = FluidDynamicsMetalOSX/FluidDynamicsMetalOSX.entitlements;
				CODE_SIGN_IDENTITY = "Mac Developer";
				CODE_SIGN_STYLE = Automatic;
				COMBINE_HIDPI_IMAGES = YES;
				DEVELOPMENT_TEAM = SC5NQW88NN;
				INFOPLIST_FILE = FluidDynamicsMetalOSX/Info.plist;
				LD_RUNPATH_SEARCH_PATHS = "$(inherited) @executable_path/../Frameworks";
				MACOSX_DEPLOYMENT_TARGET = 26.0;
				PRODUCT_BUNDLE_IDENTIFIER = com.andreisergiupitis.FluidDynamicsMetalOSX;
				PRODUCT_NAME = "$(TARGET_NAME)";
				SDKROOT = macosx;
				SWIFT_VERSION = 5.0;
			};
			name = Debug;
		};
		75D520A61FE5539E003525F9 /* Release */ = {
			isa = XCBuildConfiguration;
			buildSettings = {
				ASSETCATALOG_COMPILER_APPICON_NAME = AppIcon;
				CLANG_WARN_NON_LITERAL_NULL_CONVERSION = YES;
				CLANG_WARN_OBJC_LITERAL_CONVERSION = YES;
				CODE_SIGN_ENTITLEMENTS = FluidDynamicsMetalOSX/FluidDynamicsMetalOSX.entitlements;
				CODE_SIGN_IDENTITY = "Mac Developer";
				CODE_SIGN_STYLE = Automatic;
				COMBINE_HIDPI_IMAGES = YES;
				DEVELOPMENT_TEAM = SC5NQW88NN;
				INFOPLIST_FILE = FluidDynamicsMetalOSX/Info.plist;
				LD_RUNPATH_SEARCH_PATHS = "$(inherited) @executable_path/../Frameworks";
				MACOSX_DEPLOYMENT_TARGET = 26.0;
				PRODUCT_BUNDLE_IDENTIFIER = com.andreisergiupitis.FluidDynamicsMetalOSX;
				PRODUCT_NAME = "$(TARGET_NAME)";
				SDKROOT = macosx;
				SWIFT_VERSION = 5.0;
			};
			name = Release;
		};
		75F3F0781F311D4A00A3EC4A /* Debug */ = {
			isa = XCBuildConfiguration;
			buildSettings = {
				ALWAYS_SEARCH_USER_PATHS = NO;
				CLANG_ANALYZER_NONNULL = YES;
				CLANG_ANALYZER_NUMBER_OBJECT_CONVERSION = YES_AGGRESSIVE;
				CLANG_CXX_LANGUAGE_STANDARD = "gnu++14";
				CLANG_CXX_LIBRARY = "libc++";
				CLANG_ENABLE_MODULES = YES;
				CLANG_ENABLE_OBJC_ARC = YES;
				CLANG_WARN_BLOCK_CAPTURE_AUTORELEASING = YES;
				CLANG_WARN_BOOL_CONVERSION = YES;
				CLANG_WARN_COMMA = YES;
				CLANG_WARN_CONSTANT_CONVERSION = YES;
				CLANG_WARN_DIRECT_OBJC_ISA_USAGE = YES_ERROR;
				CLANG_WARN_DOCUMENTATION_COMMENTS = YES;
				CLANG_WARN_EMPTY_BODY = YES;
				CLANG_WARN_ENUM_CONVERSION = YES;
				CLANG_WARN_INFINITE_RECURSION = YES;
				CLANG_WARN_INT_CONVERSION = YES;
				CLANG_WARN_NON_LITERAL_NULL_CONVERSION = YES;
				CLANG_WARN_OBJC_LITERAL_CONVERSION = YES;
				CLANG_WARN_OBJC_ROOT_CLASS = YES_ERROR;
				CLANG_WARN_RANGE_LOOP_ANALYSIS = YES;
				CLANG_WARN_STRICT_PROTOTYPES = YES;
				CLANG_WARN_SUSPICIOUS_MOVE = YES;
				CLANG_WARN_UNGUARDED_AVAILABILITY = YES_AGGRESSIVE;
				CLANG_WARN_UNREACHABLE_CODE = YES;
				CLANG_WARN__DUPLICATE_METHOD_MATCH = YES;
				CODE_SIGN_IDENTITY = "iPhone Developer";
				COPY_PHASE_STRIP = NO;
				DEBUG_INFORMATION_FORMAT = dwarf;
				ENABLE_STRICT_OBJC_MSGSEND = YES;
				ENABLE_TESTABILITY = YES;
				GCC_C_LANGUAGE_STANDARD = gnu11;
				GCC_DYNAMIC_NO_PIC = NO;
				GCC_NO_COMMON_BLOCKS = YES;
				GCC_OPTIMIZATION_LEVEL = 0;
				GCC_PREPROCESSOR_DEFINITIONS = (
					"DEBUG=1",
					"$(inherited)",
				);
				GCC_WARN_64_TO_32_BIT_CONVERSION = YES;
				GCC_WARN_ABOUT_RETURN_TYPE = YES_ERROR;
				GCC_WARN_UNDECLARED_SELECTOR = YES;
				GCC_WARN_UNINITIALIZED_AUTOS = YES_AGGRESSIVE;
				GCC_WARN_UNUSED_FUNCTION = YES;
				GCC_WARN_UNUSED_VARIABLE = YES;
				IPHONEOS_DEPLOYMENT_TARGET = 26.0;
				MTL_ENABLE_DEBUG_INFO = YES;
				ONLY_ACTIVE_ARCH = YES;
				SDKROOT = iphoneos;
				SWIFT_ACTIVE_COMPILATION_CONDITIONS = DEBUG;
				SWIFT_OPTIMIZATION_LEVEL = "-Onone";
				SWIFT_VERSION = 5.0;
			};
			name = Debug;
		};
		75F3F0791F311D4A00A3EC4A /* Release */ = {
			isa = XCBuildConfiguration;
			buildSettings = {
				ALWAYS_SEARCH_USER_PATHS = NO;
				CLANG_ANALYZER_NONNULL = YES;
				CLANG_ANALYZER_NUMBER_OBJECT_CONVERSION = YES_AGGRESSIVE;
				CLANG_CXX_LANGUAGE_STANDARD = "gnu++14";
				CLANG_CXX_LIBRARY = "libc++";
				CLANG_ENABLE_MODULES = YES;
				CLANG_ENABLE_OBJC_ARC = YES;
				CLANG_WARN_BLOCK_CAPTURE_AUTORELEASING = YES;
				CLANG_WARN_BOOL_CONVERSION = YES;
				CLANG_WARN_COMMA = YES;
				CLANG_WARN_CONSTANT_CONVERSION = YES;
				CLANG_WARN_DIRECT_OBJC_ISA_USAGE = YES_ERROR;
				CLANG_WARN_DOCUMENTATION_COMMENTS = YES;
				CLANG_WARN_EMPTY_BODY = YES;
				CLANG_WARN_ENUM_CONVERSION = YES;
				CLANG_WARN_INFINITE_RECURSION = YES;
				CLANG_WARN_INT_CONVERSION = YES;
				CLANG_WARN_NON_LITERAL_NULL_CONVERSION = YES;
				CLANG_WARN_OBJC_LITERAL_CONVERSION = YES;
				CLANG_WARN_OBJC_ROOT_CLASS = YES_ERROR;
				CLANG_WARN_RANGE_LOOP_ANALYSIS = YES;
				CLANG_WARN_STRICT_PROTOTYPES = YES;
				CLANG_WARN_SUSPICIOUS_MOVE = YES;
				CLANG_WARN_UNGUARDED_AVAILABILITY = YES_AGGRESSIVE;
				CLANG_WARN_UNREACHABLE_CODE = YES;
				CLANG_WARN__DUPLICATE_METHOD_MATCH = YES;
				CODE_SIGN_IDENTITY = "iPhone Developer";
				COPY_PHASE_STRIP = NO;
				DEBUG_INFORMATION_FORMAT = "dwarf-with-dsym";
				ENABLE_NS_ASSERTIONS = NO;
				ENABLE_STRICT_OBJC_MSGSEND = YES;
				GCC_C_LANGUAGE_STANDARD = gnu11;
				GCC_NO_COMMON_BLOCKS = YES;
				GCC_WARN_64_TO_32_BIT_CONVERSION = YES;
				GCC_WARN_ABOUT_RETURN_TYPE = YES_ERROR;
				GCC_WARN_UNDECLARED_SELECTOR = YES;
				GCC_WARN_UNINITIALIZED_AUTOS = YES_AGGRESSIVE;
				GCC_WARN_UNUSED_FUNCTION = YES;
				GCC_WARN_UNUSED_VARIABLE = YES;
				IPHONEOS_DEPLOYMENT_TARGET = 26.0;
				MTL_ENABLE_DEBUG_INFO = NO;
				SDKROOT = iphoneos;
				SWIFT_OPTIMIZATION_LEVEL = "-Owholemodule";
				SWIFT_VERSION = 5.0;
				VALIDATE_PRODUCT = YES;
			};
			name = Release;
		};
		75F3F07B1F311D4B00A3EC4A /* Debug */ = {
			isa = XCBuildConfiguration;
			buildSettings = {
				ASSETCATALOG_COMPILER_APPICON_NAME = AppIcon;
				DEVELOPMENT_TEAM = SC5NQW88NN;
				GCC_OPTIMIZATION_LEVEL = 0;
				INFOPLIST_FILE = "$(SRCROOT)/FluidDynamicsMetaliOS/Info.plist";
				IPHONEOS_DEPLOYMENT_TARGET = 26.0;
				LD_RUNPATH_SEARCH_PATHS = "$(inherited) @executable_path/Frameworks";
				PRODUCT_BUNDLE_IDENTIFIER = ro.andreisergiupitis.FluidDynamicsMetaliOS;
				PRODUCT_NAME = "$(TARGET_NAME)";
				SWIFT_OPTIMIZATION_LEVEL = "-Onone";
				SWIFT_VERSION = 5.0;
				TARGETED_DEVICE_FAMILY = "1,2";
			};
			name = Debug;
		};
		75F3F07C1F311D4B00A3EC4A /* Release */ = {
			isa = XCBuildConfiguration;
			buildSettings = {
				ASSETCATALOG_COMPILER_APPICON_NAME = AppIcon;
				DEVELOPMENT_TEAM = SC5NQW88NN;
				INFOPLIST_FILE = "$(SRCROOT)/FluidDynamicsMetaliOS/Info.plist";
				IPHONEOS_DEPLOYMENT_TARGET = 26.0;
				LD_RUNPATH_SEARCH_PATHS = "$(inherited) @executable_path/Frameworks";
				PRODUCT_BUNDLE_IDENTIFIER = ro.andreisergiupitis.FluidDynamicsMetaliOS;
				PRODUCT_NAME = "$(TARGET_NAME)";
				SWIFT_OPTIMIZATION_LEVEL = "-Owholemodule";
				SWIFT_VERSION = 5.0;
				TARGETED_DEVICE_FAMILY = "1,2";
			};
			name = Release;
		};
/* End XCBuildConfiguration section */

/* Begin XCConfigurationList section */
		B40000000000000000000011 /* Build configuration list for PBXNativeTarget "FluidDynamicsMetalOSXUITests" */ = {isa = XCConfigurationList; buildConfigurations = (B4000000000000000000000F /* Debug */, B40000000000000000000010 /* Release */,); defaultConfigurationIsVisible = 0; defaultConfigurationName = Release; };
		B40000000000000000000012 /* Build configuration list for PBXNativeTarget "FluidDynamicsMetaliOSUITests" */ = {isa = XCConfigurationList; buildConfigurations = (B40000000000000000000013 /* Debug */, B40000000000000000000014 /* Release */,); defaultConfigurationIsVisible = 0; defaultConfigurationName = Release; };
		A3000000000000000000000C /* Build configuration list for PBXNativeTarget "FluidDynamicsMetalStateTests" */ = {isa = XCConfigurationList; buildConfigurations = (A3000000000000000000000D /* Debug */, A3000000000000000000000E /* Release */,); defaultConfigurationIsVisible = 0; defaultConfigurationName = Release; };
		75D520A41FE5539E003525F9 /* Build configuration list for PBXNativeTarget "FluidDynamicsMetalOSX" */ = {
			isa = XCConfigurationList;
			buildConfigurations = (
				75D520A51FE5539E003525F9 /* Debug */,
				75D520A61FE5539E003525F9 /* Release */,
			);
			defaultConfigurationIsVisible = 0;
			defaultConfigurationName = Release;
		};
		75F3F0631F311D4A00A3EC4A /* Build configuration list for PBXProject "FluidDynamicsMetal" */ = {
			isa = XCConfigurationList;
			buildConfigurations = (
				75F3F0781F311D4A00A3EC4A /* Debug */,
				75F3F0791F311D4A00A3EC4A /* Release */,
			);
			defaultConfigurationIsVisible = 0;
			defaultConfigurationName = Release;
		};
		75F3F07A1F311D4B00A3EC4A /* Build configuration list for PBXNativeTarget "FluidDynamicsMetaliOS" */ = {
			isa = XCConfigurationList;
			buildConfigurations = (
				75F3F07B1F311D4B00A3EC4A /* Debug */,
				75F3F07C1F311D4B00A3EC4A /* Release */,
			);
			defaultConfigurationIsVisible = 0;
			defaultConfigurationName = Release;
		};
/* End XCConfigurationList section */

/* Begin PBXContainerItemProxy section */
		B40000000000000000000017 /* Mac app proxy */ = {isa = PBXContainerItemProxy; containerPortal = 75F3F0601F311D4A00A3EC4A /* Project object */; proxyType = 1; remoteGlobalIDString = 75D520911FE5539E003525F9; remoteInfo = FluidDynamicsMetalOSX; };
		B40000000000000000000018 /* iOS app proxy */ = {isa = PBXContainerItemProxy; containerPortal = 75F3F0601F311D4A00A3EC4A /* Project object */; proxyType = 1; remoteGlobalIDString = 75F3F0671F311D4A00A3EC4A; remoteInfo = FluidDynamicsMetaliOS; };
/* End PBXContainerItemProxy section */

/* Begin PBXTargetDependency section */
		B40000000000000000000015 /* FluidDynamicsMetalOSX */ = {isa = PBXTargetDependency; target = 75D520911FE5539E003525F9 /* FluidDynamicsMetalOSX */; targetProxy = B40000000000000000000017 /* Mac app proxy */; };
		B40000000000000000000016 /* FluidDynamicsMetaliOS */ = {isa = PBXTargetDependency; target = 75F3F0671F311D4A00A3EC4A /* FluidDynamicsMetaliOS */; targetProxy = B40000000000000000000018 /* iOS app proxy */; };
/* End PBXTargetDependency section */
	};
	rootObject = 75F3F0601F311D4A00A3EC4A /* Project object */;
}
